
Microsoft Visual Studio Solution File, Format Version 12.00
# Visual Studio Version 16
VisualStudioVersion = 16.0.31624.102
MinimumVisualStudioVersion = 10.0.40219.1
Project("{FAE04EC0-301F-11D3-BF4B-00C04F79EFBC}") = "MusicReorganizer", "MusicReorganizer\MusicReorganizer.csproj", "{39D0257A-261F-466E-92C8-3D610E501DE3}"
EndProject
Project("{FAE04EC0-301F-11D3-BF4B-00C04F79EFBC}") = "WallpaperReorganizer", "WallpaperReorganizer\WallpaperReorganizer.csproj", "{4BF67EAD-8A3F-4041-8423-BDA8BCB123D6}"
EndProject
Project("{FAE04EC0-301F-11D3-BF4B-00C04F79EFBC}") = "PhotoReorganizer", "PhotoReorganizer\PhotoReorganizer.csproj", "{D06F1ED2-4247-4617-8EA0-AF34CE170CD6}"
EndProject
Global
	GlobalSection(SolutionConfigurationPlatforms) = preSolution
		Debug|Any CPU = Debug|Any CPU
		Release|Any CPU = Release|Any CPU
	EndGlobalSection
	GlobalSection(ProjectConfigurationPlatforms) = postSolution
		{39D0257A-261F-466E-92C8-3D610E501DE3}.Debug|Any CPU.ActiveCfg = Debug|Any CPU
		{39D0257A-261F-466E-92C8-3D610E501DE3}.Debug|Any CPU.Build.0 = Debug|Any CPU
		{39D0257A-261F-466E-92C8-3D610E501DE3}.Release|Any CPU.ActiveCfg = Release|Any CPU
		{39D0257A-261F-466E-92C8-3D610E501DE3}.Release|Any CPU.Build.0 = Release|Any CPU
		{4BF67EAD-8A3F-4041-8423-BDA8BCB123D6}.Debug|Any CPU.ActiveCfg = Debug|Any CPU
		{4BF67EAD-8A3F-4041-8423-BDA8BCB123D6}.Debug|Any CPU.Build.0 = Debug|Any CPU
		{4BF67EAD-8A3F-4041-8423-BDA8BCB123D6}.Release|Any CPU.ActiveCfg = Release|Any CPU
		{4BF67EAD-8A3F-4041-8423-BDA8BCB123D6}.Release|Any CPU.Build.0 = Release|Any CPU
		{D06F1ED2-4247-4617-8EA0-AF34CE170CD6}.Debug|Any CPU.ActiveCfg = Debug|Any CPU
		{D06F1ED2-4247-4617-8EA0-AF34CE170CD6}.Debug|Any CPU.Build.0 = Debug|Any CPU
		{D06F1ED2-4247-4617-8EA0-AF34CE170CD6}.Release|Any CPU.ActiveCfg = Release|Any CPU
		{D06F1ED2-4247-4617-8EA0-AF34CE170CD6}.Release|Any CPU.Build.0 = Release|Any CPU
	EndGlobalSection
	GlobalSection(SolutionProperties) = preSolution
		HideSolutionNode = FALSE
	EndGlobalSection
	GlobalSection(ExtensibilityGlobals) = postSolution
		SolutionGuid = {F3AF5B0B-1C71-433A-B6A3-123D9E2B6FD5}
	EndGlobalSection
EndGlobal
