Microsoft Visual Studio Solution File, Format Version 12.00
# Visual Studio Version 17
VisualStudioVersion = 17.5.2.0
MinimumVisualStudioVersion = 10.0.40219.1
Project("{FAE04EC0-301F-11D3-BF4B-00C04F79EFBC}") = "MusicReorganizer", "MusicReorganizer.csproj", "{8CCEEAC5-ACBF-0DC4-E603-A89CB9A19151}"
EndProject
Global
	GlobalSection(SolutionConfigurationPlatforms) = preSolution
		Debug|Any CPU = Debug|Any CPU
		Release|Any CPU = Release|Any CPU
	EndGlobalSection
	GlobalSection(ProjectConfigurationPlatforms) = postSolution
		{8CCEEAC5-ACBF-0DC4-E603-A89CB9A19151}.Debug|Any CPU.ActiveCfg = Debug|Any CPU
		{8CCEEAC5-ACBF-0DC4-E603-A89CB9A19151}.Debug|Any CPU.Build.0 = Debug|Any CPU
		{8CCEEAC5-ACBF-0DC4-E603-A89CB9A19151}.Release|Any CPU.ActiveCfg = Release|Any CPU
		{8CCEEAC5-ACBF-0DC4-E603-A89CB9A19151}.Release|Any CPU.Build.0 = Release|Any CPU
	EndGlobalSection
	GlobalSection(SolutionProperties) = preSolution
		HideSolutionNode = FALSE
	EndGlobalSection
	GlobalSection(ExtensibilityGlobals) = postSolution
		SolutionGuid = {3B726EB5-FF88-4852-B1D2-4BCAA954D302}
	EndGlobalSection
EndGlobal
